// !$*UTF8*$!
{
	archiveVersion = 1;
	classes = {
	};
	objectVersion = 46;
	objects = {

/* Begin PBXBuildFile section */
		3EBB59EB1C93236C00BE6A50 /* AppDelegate.swift in Sources */ = {isa = PBXBuildFile; fileRef = 3EBB59EA1C93236C00BE6A50 /* AppDelegate.swift */; };
		3EBB59ED1C93236C00BE6A50 /* ViewController.swift in Sources */ = {isa = PBXBuildFile; fileRef = 3EBB59EC1C93236C00BE6A50 /* ViewController.swift */; };
		3EBB59F01C93236C00BE6A50 /* Main.storyboard in Resources */ = {isa = PBXBuildFile; fileRef = 3EBB59EE1C93236C00BE6A50 /* Main.storyboard */; };
		3EBB59F21C93236C00BE6A50 /* Assets.xcassets in Resources */ = {isa = PBXBuildFile; fileRef = 3EBB59F11C93236C00BE6A50 /* Assets.xcassets */; };
		3EBB59F51C93236C00BE6A50 /* LaunchScreen.storyboard in Resources */ = {isa = PBXBuildFile; fileRef = 3EBB59F31C93236C00BE6A50 /* LaunchScreen.storyboard */; };
		3EBB5A001C93236C00BE6A50 /* ArtistsInTableViewTests.swift in Sources */ = {isa = PBXBuildFile; fileRef = 3EBB59FF1C93236C00BE6A50 /* ArtistsInTableViewTests.swift */; };
		3EBB5A0B1C93236C00BE6A50 /* ArtistsInTableViewUITests.swift in Sources */ = {isa = PBXBuildFile; fileRef = 3EBB5A0A1C93236C00BE6A50 /* ArtistsInTableViewUITests.swift */; };
		3EBB5A191C9323C400BE6A50 /* ArtistsTableViewController.swift in Sources */ = {isa = PBXBuildFile; fileRef = 3EBB5A181C9323C400BE6A50 /* ArtistsTableViewController.swift */; };
		3EBB5A1D1C93242A00BE6A50 /* Artist.swift in Sources */ = {isa = PBXBuildFile; fileRef = 3EBB5A1A1C93242A00BE6A50 /* Artist.swift */; };
		3EBB5A1E1C93242A00BE6A50 /* ArtistDataSource.swift in Sources */ = {isa = PBXBuildFile; fileRef = 3EBB5A1B1C93242A00BE6A50 /* ArtistDataSource.swift */; };
		3EBB5A1F1C93242A00BE6A50 /* Download.swift in Sources */ = {isa = PBXBuildFile; fileRef = 3EBB5A1C1C93242A00BE6A50 /* Download.swift */; };
		3EBB5A211C93288600BE6A50 /* ArtistDetailedViewController.swift in Sources */ = {isa = PBXBuildFile; fileRef = 3EBB5A201C93288600BE6A50 /* ArtistDetailedViewController.swift */; };
		3EBB5B491CA58B1A00BE6A50 /* ArtistTableViewCell.swift in Sources */ = {isa = PBXBuildFile; fileRef = 3EBB5B481CA58B1A00BE6A50 /* ArtistTableViewCell.swift */; };
/* End PBXBuildFile section */

/* Begin PBXContainerItemProxy section */
		3EBB59FC1C93236C00BE6A50 /* PBXContainerItemProxy */ = {
			isa = PBXContainerItemProxy;
			containerPortal = 3EBB59DF1C93236B00BE6A50 /* Project object */;
			proxyType = 1;
			remoteGlobalIDString = 3EBB59E61C93236C00BE6A50;
			remoteInfo = ArtistsInTableView;
		};
		3EBB5A071C93236C00BE6A50 /* PBXContainerItemProxy */ = {
			isa = PBXContainerItemProxy;
			containerPortal = 3EBB59DF1C93236B00BE6A50 /* Project object */;
			proxyType = 1;
			remoteGlobalIDString = 3EBB59E61C93236C00BE6A50;
			remoteInfo = ArtistsInTableView;
		};
/* End PBXContainerItemProxy section */

/* Begin PBXFileReference section */
		3EBB59E71C93236C00BE6A50 /* ArtistsInTableView.app */ = {isa = PBXFileReference; explicitFileType = wrapper.application; includeInIndex = 0; path = ArtistsInTableView.app; sourceTree = BUILT_PRODUCTS_DIR; };
		3EBB59EA1C93236C00BE6A50 /* AppDelegate.swift */ = {isa = PBXFileReference; lastKnownFileType = sourcecode.swift; path = AppDelegate.swift; sourceTree = "<group>"; };
		3EBB59EC1C93236C00BE6A50 /* ViewController.swift */ = {isa = PBXFileReference; lastKnownFileType = sourcecode.swift; path = ViewController.swift; sourceTree = "<group>"; };
		3EBB59EF1C93236C00BE6A50 /* Base */ = {isa = PBXFileReference; lastKnownFileType = file.storyboard; name = Base; path = Base.lproj/Main.storyboard; sourceTree = "<group>"; };
		3EBB59F11C93236C00BE6A50 /* Assets.xcassets */ = {isa = PBXFileReference; lastKnownFileType = folder.assetcatalog; path = Assets.xcassets; sourceTree = "<group>"; };
		3EBB59F41C93236C00BE6A50 /* Base */ = {isa = PBXFileReference; lastKnownFileType = file.storyboard; name = Base; path = Base.lproj/LaunchScreen.storyboard; sourceTree = "<group>"; };
		3EBB59F61C93236C00BE6A50 /* Info.plist */ = {isa = PBXFileReference; lastKnownFileType = text.plist.xml; path = Info.plist; sourceTree = "<group>"; };
		3EBB59FB1C93236C00BE6A50 /* ArtistsInTableViewTests.xctest */ = {isa = PBXFileReference; explicitFileType = wrapper.cfbundle; includeInIndex = 0; path = ArtistsInTableViewTests.xctest; sourceTree = BUILT_PRODUCTS_DIR; };
		3EBB59FF1C93236C00BE6A50 /* ArtistsInTableViewTests.swift */ = {isa = PBXFileReference; lastKnownFileType = sourcecode.swift; path = ArtistsInTableViewTests.swift; sourceTree = "<group>"; };
		3EBB5A011C93236C00BE6A50 /* Info.plist */ = {isa = PBXFileReference; lastKnownFileType = text.plist.xml; path = Info.plist; sourceTree = "<group>"; };
		3EBB5A061C93236C00BE6A50 /* ArtistsInTableViewUITests.xctest */ = {isa = PBXFileReference; explicitFileType = wrapper.cfbundle; includeInIndex = 0; path = ArtistsInTableViewUITests.xctest; sourceTree = BUILT_PRODUCTS_DIR; };
		3EBB5A0A1C93236C00BE6A50 /* ArtistsInTableViewUITests.swift */ = {isa = PBXFileReference; lastKnownFileType = sourcecode.swift; path = ArtistsInTableViewUITests.swift; sourceTree = "<group>"; };
		3EBB5A0C1C93236C00BE6A50 /* Info.plist */ = {isa = PBXFileReference; lastKnownFileType = text.plist.xml; path = Info.plist; sourceTree = "<group>"; };
		3EBB5A181C9323C400BE6A50 /* ArtistsTableViewController.swift */ = {isa = PBXFileReference; fileEncoding = 4; lastKnownFileType = sourcecode.swift; name = ArtistsTableViewController.swift; path = ArtistsInTableView/ArtistsTableViewController.swift; sourceTree = "<group>"; };
		3EBB5A1A1C93242A00BE6A50 /* Artist.swift */ = {isa = PBXFileReference; fileEncoding = 4; lastKnownFileType = sourcecode.swift; path = Artist.swift; sourceTree = "<group>"; };
		3EBB5A1B1C93242A00BE6A50 /* ArtistDataSource.swift */ = {isa = PBXFileReference; fileEncoding = 4; lastKnownFileType = sourcecode.swift; path = ArtistDataSource.swift; sourceTree = "<group>"; };
		3EBB5A1C1C93242A00BE6A50 /* Download.swift */ = {isa = PBXFileReference; fileEncoding = 4; lastKnownFileType = sourcecode.swift; path = Download.swift; sourceTree = "<group>"; };
		3EBB5A201C93288600BE6A50 /* ArtistDetailedViewController.swift */ = {isa = PBXFileReference; fileEncoding = 4; lastKnownFileType = sourcecode.swift; path = ArtistDetailedViewController.swift; sourceTree = "<group>"; };
		3EBB5B481CA58B1A00BE6A50 /* ArtistTableViewCell.swift */ = {isa = PBXFileReference; fileEncoding = 4; lastKnownFileType = sourcecode.swift; path = ArtistTableViewCell.swift; sourceTree = "<group>"; };
/* End PBXFileReference section */

/* Begin PBXFrameworksBuildPhase section */
		3EBB59E41C93236C00BE6A50 /* Frameworks */ = {
			isa = PBXFrameworksBuildPhase;
			buildActionMask = 2147483647;
			files = (
			);
			runOnlyForDeploymentPostprocessing = 0;
		};
		3EBB59F81C93236C00BE6A50 /* Frameworks */ = {
			isa = PBXFrameworksBuildPhase;
			buildActionMask = 2147483647;
			files = (
			);
			runOnlyForDeploymentPostprocessing = 0;
		};
		3EBB5A031C93236C00BE6A50 /* Frameworks */ = {
			isa = PBXFrameworksBuildPhase;
			buildActionMask = 2147483647;
			files = (
			);
			runOnlyForDeploymentPostprocessing = 0;
		};
/* End PBXFrameworksBuildPhase section */

/* Begin PBXGroup section */
		3EBB59DE1C93236B00BE6A50 = {
			isa = PBXGroup;
			children = (
				3EBB5B481CA58B1A00BE6A50 /* ArtistTableViewCell.swift */,
				3EBB5A201C93288600BE6A50 /* ArtistDetailedViewController.swift */,
				3EBB5A181C9323C400BE6A50 /* ArtistsTableViewController.swift */,
				3EBB5A1A1C93242A00BE6A50 /* Artist.swift */,
				3EBB5A1B1C93242A00BE6A50 /* ArtistDataSource.swift */,
				3EBB5A1C1C93242A00BE6A50 /* Download.swift */,
				3EBB59EE1C93236C00BE6A50 /* Main.storyboard */,
				3EBB59E91C93236C00BE6A50 /* ArtistsInTableView */,
				3EBB59FE1C93236C00BE6A50 /* ArtistsInTableViewTests */,
				3EBB5A091C93236C00BE6A50 /* ArtistsInTableViewUITests */,
				3EBB59E81C93236C00BE6A50 /* Products */,
			);
			sourceTree = "<group>";
		};
		3EBB59E81C93236C00BE6A50 /* Products */ = {
			isa = PBXGroup;
			children = (
				3EBB59E71C93236C00BE6A50 /* ArtistsInTableView.app */,
				3EBB59FB1C93236C00BE6A50 /* ArtistsInTableViewTests.xctest */,
				3EBB5A061C93236C00BE6A50 /* ArtistsInTableViewUITests.xctest */,
			);
			name = Products;
			sourceTree = "<group>";
		};
		3EBB59E91C93236C00BE6A50 /* ArtistsInTableView */ = {
			isa = PBXGroup;
			children = (
				3EBB59EA1C93236C00BE6A50 /* AppDelegate.swift */,
				3EBB59EC1C93236C00BE6A50 /* ViewController.swift */,
				3EBB59F11C93236C00BE6A50 /* Assets.xcassets */,
				3EBB59F31C93236C00BE6A50 /* LaunchScreen.storyboard */,
				3EBB59F61C93236C00BE6A50 /* Info.plist */,
			);
			path = ArtistsInTableView;
			sourceTree = "<group>";
		};
		3EBB59FE1C93236C00BE6A50 /* ArtistsInTableViewTests */ = {
			isa = PBXGroup;
			children = (
				3EBB59FF1C93236C00BE6A50 /* ArtistsInTableViewTests.swift */,
				3EBB5A011C93236C00BE6A50 /* Info.plist */,
			);
			path = ArtistsInTableViewTests;
			sourceTree = "<group>";
		};
		3EBB5A091C93236C00BE6A50 /* ArtistsInTableViewUITests */ = {
			isa = PBXGroup;
			children = (
				3EBB5A0A1C93236C00BE6A50 /* ArtistsInTableViewUITests.swift */,
				3EBB5A0C1C93236C00BE6A50 /* Info.plist */,
			);
			path = ArtistsInTableViewUITests;
			sourceTree = "<group>";
		};
/* End PBXGroup section */

/* Begin PBXNativeTarget section */
		3EBB59E61C93236C00BE6A50 /* ArtistsInTableView */ = {
			isa = PBXNativeTarget;
			buildConfigurationList = 3EBB5A0F1C93236C00BE6A50 /* Build configuration list for PBXNativeTarget "ArtistsInTableView" */;
			buildPhases = (
				3EBB59E31C93236C00BE6A50 /* Sources */,
				3EBB59E41C93236C00BE6A50 /* Frameworks */,
				3EBB59E51C93236C00BE6A50 /* Resources */,
			);
			buildRules = (
			);
			dependencies = (
			);
			name = ArtistsInTableView;
			productName = ArtistsInTableView;
			productReference = 3EBB59E71C93236C00BE6A50 /* ArtistsInTableView.app */;
			productType = "com.apple.product-type.application";
		};
		3EBB59FA1C93236C00BE6A50 /* ArtistsInTableViewTests */ = {
			isa = PBXNativeTarget;
			buildConfigurationList = 3EBB5A121C93236C00BE6A50 /* Build configuration list for PBXNativeTarget "ArtistsInTableViewTests" */;
			buildPhases = (
				3EBB59F71C93236C00BE6A50 /* Sources */,
				3EBB59F81C93236C00BE6A50 /* Frameworks */,
				3EBB59F91C93236C00BE6A50 /* Resources */,
			);
			buildRules = (
			);
			dependencies = (
				3EBB59FD1C93236C00BE6A50 /* PBXTargetDependency */,
			);
			name = ArtistsInTableViewTests;
			productName = ArtistsInTableViewTests;
			productReference = 3EBB59FB1C93236C00BE6A50 /* ArtistsInTableViewTests.xctest */;
			productType = "com.apple.product-type.bundle.unit-test";
		};
		3EBB5A051C93236C00BE6A50 /* ArtistsInTableViewUITests */ = {
			isa = PBXNativeTarget;
			buildConfigurationList = 3EBB5A151C93236C00BE6A50 /* Build configuration list for PBXNativeTarget "ArtistsInTableViewUITests" */;
			buildPhases = (
				3EBB5A021C93236C00BE6A50 /* Sources */,
				3EBB5A031C93236C00BE6A50 /* Frameworks */,
				3EBB5A041C93236C00BE6A50 /* Resources */,
			);
			buildRules = (
			);
			dependencies = (
				3EBB5A081C93236C00BE6A50 /* PBXTargetDependency */,
			);
			name = ArtistsInTableViewUITests;
			productName = ArtistsInTableViewUITests;
			productReference = 3EBB5A061C93236C00BE6A50 /* ArtistsInTableViewUITests.xctest */;
			productType = "com.apple.product-type.bundle.ui-testing";
		};
/* End PBXNativeTarget section */

/* Begin PBXProject section */
		3EBB59DF1C93236B00BE6A50 /* Project object */ = {
			isa = PBXProject;
			attributes = {
				LastSwiftUpdateCheck = 0720;
				LastUpgradeCheck = 0720;
				ORGANIZATIONNAME = SSU;
				TargetAttributes = {
					3EBB59E61C93236C00BE6A50 = {
						CreatedOnToolsVersion = 7.2.1;
						LastSwiftMigration = 0820;
					};
					3EBB59FA1C93236C00BE6A50 = {
						CreatedOnToolsVersion = 7.2.1;
						LastSwiftMigration = 0820;
						TestTargetID = 3EBB59E61C93236C00BE6A50;
					};
					3EBB5A051C93236C00BE6A50 = {
						CreatedOnToolsVersion = 7.2.1;
						LastSwiftMigration = 0820;
						TestTargetID = 3EBB59E61C93236C00BE6A50;
					};
				};
			};
			buildConfigurationList = 3EBB59E21C93236B00BE6A50 /* Build configuration list for PBXProject "ArtistsInTableView" */;
			compatibilityVersion = "Xcode 3.2";
			developmentRegion = English;
			hasScannedForEncodings = 0;
			knownRegions = (
				en,
				Base,
			);
			mainGroup = 3EBB59DE1C93236B00BE6A50;
			productRefGroup = 3EBB59E81C93236C00BE6A50 /* Products */;
			projectDirPath = "";
			projectRoot = "";
			targets = (
				3EBB59E61C93236C00BE6A50 /* ArtistsInTableView */,
				3EBB59FA1C93236C00BE6A50 /* ArtistsInTableViewTests */,
				3EBB5A051C93236C00BE6A50 /* ArtistsInTableViewUITests */,
			);
		};
/* End PBXProject section */

/* Begin PBXResourcesBuildPhase section */
		3EBB59E51C93236C00BE6A50 /* Resources */ = {
			isa = PBXResourcesBuildPhase;
			buildActionMask = 2147483647;
			files = (
				3EBB59F51C93236C00BE6A50 /* LaunchScreen.storyboard in Resources */,
				3EBB59F21C93236C00BE6A50 /* Assets.xcassets in Resources */,
				3EBB59F01C93236C00BE6A50 /* Main.storyboard in Resources */,
			);
			runOnlyForDeploymentPostprocessing = 0;
		};
		3EBB59F91C93236C00BE6A50 /* Resources */ = {
			isa = PBXResourcesBuildPhase;
			buildActionMask = 2147483647;
			files = (
			);
			runOnlyForDeploymentPostprocessing = 0;
		};
		3EBB5A041C93236C00BE6A50 /* Resources */ = {
			isa = PBXResourcesBuildPhase;
			buildActionMask = 2147483647;
			files = (
			);
			runOnlyForDeploymentPostprocessing = 0;
		};
/* End PBXResourcesBuildPhase section */

/* Begin PBXSourcesBuildPhase section */
		3EBB59E31C93236C00BE6A50 /* Sources */ = {
			isa = PBXSourcesBuildPhase;
			buildActionMask = 2147483647;
			files = (
				3EBB59ED1C93236C00BE6A50 /* ViewController.swift in Sources */,
				3EBB5A191C9323C400BE6A50 /* ArtistsTableViewController.swift in Sources */,
				3EBB5A1D1C93242A00BE6A50 /* Artist.swift in Sources */,
				3EBB5A1F1C93242A00BE6A50 /* Download.swift in Sources */,
				3EBB5A1E1C93242A00BE6A50 /* ArtistDataSource.swift in Sources */,
				3EBB59EB1C93236C00BE6A50 /* AppDelegate.swift in Sources */,
				3EBB5B491CA58B1A00BE6A50 /* ArtistTableViewCell.swift in Sources */,
				3EBB5A211C93288600BE6A50 /* ArtistDetailedViewController.swift in Sources */,
			);
			runOnlyForDeploymentPostprocessing = 0;
		};
		3EBB59F71C93236C00BE6A50 /* Sources */ = {
			isa = PBXSourcesBuildPhase;
			buildActionMask = 2147483647;
			files = (
				3EBB5A001C93236C00BE6A50 /* ArtistsInTableViewTests.swift in Sources */,
			);
			runOnlyForDeploymentPostprocessing = 0;
		};
		3EBB5A021C93236C00BE6A50 /* Sources */ = {
			isa = PBXSourcesBuildPhase;
			buildActionMask = 2147483647;
			files = (
				3EBB5A0B1C93236C00BE6A50 /* ArtistsInTableViewUITests.swift in Sources */,
			);
			runOnlyForDeploymentPostprocessing = 0;
		};
/* End PBXSourcesBuildPhase section */

/* Begin PBXTargetDependency section */
		3EBB59FD1C93236C00BE6A50 /* PBXTargetDependency */ = {
			isa = PBXTargetDependency;
			target = 3EBB59E61C93236C00BE6A50 /* ArtistsInTableView */;
			targetProxy = 3EBB59FC1C93236C00BE6A50 /* PBXContainerItemProxy */;
		};
		3EBB5A081C93236C00BE6A50 /* PBXTargetDependency */ = {
			isa = PBXTargetDependency;
			target = 3EBB59E61C93236C00BE6A50 /* ArtistsInTableView */;
			targetProxy = 3EBB5A071C93236C00BE6A50 /* PBXContainerItemProxy */;
		};
/* End PBXTargetDependency section */

/* Begin PBXVariantGroup section */
		3EBB59EE1C93236C00BE6A50 /* Main.storyboard */ = {
			isa = PBXVariantGroup;
			children = (
				3EBB59EF1C93236C00BE6A50 /* Base */,
			);
			name = Main.storyboard;
			path = ArtistsInTableView;
			sourceTree = "<group>";
		};
		3EBB59F31C93236C00BE6A50 /* LaunchScreen.storyboard */ = {
			isa = PBXVariantGroup;
			children = (
				3EBB59F41C93236C00BE6A50 /* Base */,
			);
			name = LaunchScreen.storyboard;
			sourceTree = "<group>";
		};
/* End PBXVariantGroup section */

/* Begin XCBuildConfiguration section */
		3EBB5A0D1C93236C00BE6A50 /* Debug */ = {
			isa = XCBuildConfiguration;
			buildSettings = {
				ALWAYS_SEARCH_USER_PATHS = NO;
				CLANG_CXX_LANGUAGE_STANDARD = "gnu++0x";
				CLANG_CXX_LIBRARY = "libc++";
				CLANG_ENABLE_MODULES = YES;
				CLANG_ENABLE_OBJC_ARC = YES;
				CLANG_WARN_BOOL_CONVERSION = YES;
				CLANG_WARN_CONSTANT_CONVERSION = YES;
				CLANG_WARN_DIRECT_OBJC_ISA_USAGE = YES_ERROR;
				CLANG_WARN_EMPTY_BODY = YES;
				CLANG_WARN_ENUM_CONVERSION = YES;
				CLANG_WARN_INT_CONVERSION = YES;
				CLANG_WARN_OBJC_ROOT_CLASS = YES_ERROR;
				CLANG_WARN_UNREACHABLE_CODE = YES;
				CLANG_WARN__DUPLICATE_METHOD_MATCH = YES;
				"CODE_SIGN_IDENTITY[sdk=iphoneos*]" = "iPhone Developer";
				COPY_PHASE_STRIP = NO;
				DEBUG_INFORMATION_FORMAT = dwarf;
				ENABLE_STRICT_OBJC_MSGSEND = YES;
				ENABLE_TESTABILITY = YES;
				GCC_C_LANGUAGE_STANDARD = gnu99;
				GCC_DYNAMIC_NO_PIC = NO;
				GCC_NO_COMMON_BLOCKS = YES;
				GCC_OPTIMIZATION_LEVEL = 0;
				GCC_PREPROCESSOR_DEFINITIONS = (
					"DEBUG=1",
					"$(inherited)",
				);
				GCC_WARN_64_TO_32_BIT_CONVERSION = YES;
				GCC_WARN_ABOUT_RETURN_TYPE = YES_ERROR;
				GCC_WARN_UNDECLARED_SELECTOR = YES;
				GCC_WARN_UNINITIALIZED_AUTOS = YES_AGGRESSIVE;
				GCC_WARN_UNUSED_FUNCTION = YES;
				GCC_WARN_UNUSED_VARIABLE = YES;
				IPHONEOS_DEPLOYMENT_TARGET = 9.2;
				MTL_ENABLE_DEBUG_INFO = YES;
				ONLY_ACTIVE_ARCH = YES;
				SDKROOT = iphoneos;
				SWIFT_OPTIMIZATION_LEVEL = "-Onone";
				TARGETED_DEVICE_FAMILY = "1,2";
			};
			name = Debug;
		};
		3EBB5A0E1C93236C00BE6A50 /* Release */ = {
			isa = XCBuildConfiguration;
			buildSettings = {
				ALWAYS_SEARCH_USER_PATHS = NO;
				CLANG_CXX_LANGUAGE_STANDARD = "gnu++0x";
				CLANG_CXX_LIBRARY = "libc++";
				CLANG_ENABLE_MODULES = YES;
				CLANG_ENABLE_OBJC_ARC = YES;
				CLANG_WARN_BOOL_CONVERSION = YES;
				CLANG_WARN_CONSTANT_CONVERSION = YES;
				CLANG_WARN_DIRECT_OBJC_ISA_USAGE = YES_ERROR;
				CLANG_WARN_EMPTY_BODY = YES;
				CLANG_WARN_ENUM_CONVERSION = YES;
				CLANG_WARN_INT_CONVERSION = YES;
				CLANG_WARN_OBJC_ROOT_CLASS = YES_ERROR;
				CLANG_WARN_UNREACHABLE_CODE = YES;
				CLANG_WARN__DUPLICATE_METHOD_MATCH = YES;
				"CODE_SIGN_IDENTITY[sdk=iphoneos*]" = "iPhone Developer";
				COPY_PHASE_STRIP = NO;
				DEBUG_INFORMATION_FORMAT = "dwarf-with-dsym";
				ENABLE_NS_ASSERTIONS = NO;
				ENABLE_STRICT_OBJC_MSGSEND = YES;
				GCC_C_LANGUAGE_STANDARD = gnu99;
				GCC_NO_COMMON_BLOCKS = YES;
				GCC_WARN_64_TO_32_BIT_CONVERSION = YES;
				GCC_WARN_ABOUT_RETURN_TYPE = YES_ERROR;
				GCC_WARN_UNDECLARED_SELECTOR = YES;
				GCC_WARN_UNINITIALIZED_AUTOS = YES_AGGRESSIVE;
				GCC_WARN_UNUSED_FUNCTION = YES;
				GCC_WARN_UNUSED_VARIABLE = YES;
				IPHONEOS_DEPLOYMENT_TARGET = 9.2;
				MTL_ENABLE_DEBUG_INFO = NO;
				SDKROOT = iphoneos;
				TARGETED_DEVICE_FAMILY = "1,2";
				VALIDATE_PRODUCT = YES;
			};
			name = Release;
		};
		3EBB5A101C93236C00BE6A50 /* Debug */ = {
			isa = XCBuildConfiguration;
			buildSettings = {
				ASSETCATALOG_COMPILER_APPICON_NAME = AppIcon;
				INFOPLIST_FILE = ArtistsInTableView/Info.plist;
				LD_RUNPATH_SEARCH_PATHS = "$(inherited) @executable_path/Frameworks";
				PRODUCT_BUNDLE_IDENTIFIER = edu.sonoma.ArtistsInTableView;
				PRODUCT_NAME = "$(TARGET_NAME)";
				SWIFT_VERSION = 3.0;
			};
			name = Debug;
		};
		3EBB5A111C93236C00BE6A50 /* Release */ = {
			isa = XCBuildConfiguration;
			buildSettings = {
				ASSETCATALOG_COMPILER_APPICON_NAME = AppIcon;
				INFOPLIST_FILE = ArtistsInTableView/Info.plist;
				LD_RUNPATH_SEARCH_PATHS = "$(inherited) @executable_path/Frameworks";
				PRODUCT_BUNDLE_IDENTIFIER = edu.sonoma.ArtistsInTableView;
				PRODUCT_NAME = "$(TARGET_NAME)";
				SWIFT_VERSION = 3.0;
			};
			name = Release;
		};
		3EBB5A131C93236C00BE6A50 /* Debug */ = {
			isa = XCBuildConfiguration;
			buildSettings = {
				BUNDLE_LOADER = "$(TEST_HOST)";
				INFOPLIST_FILE = ArtistsInTableViewTests/Info.plist;
				LD_RUNPATH_SEARCH_PATHS = "$(inherited) @executable_path/Frameworks @loader_path/Frameworks";
				PRODUCT_BUNDLE_IDENTIFIER = edu.sonoma.ArtistsInTableViewTests;
				PRODUCT_NAME = "$(TARGET_NAME)";
				SWIFT_VERSION = 3.0;
				TEST_HOST = "$(BUILT_PRODUCTS_DIR)/ArtistsInTableView.app/ArtistsInTableView";
			};
			name = Debug;
		};
		3EBB5A141C93236C00BE6A50 /* Release */ = {
			isa = XCBuildConfiguration;
			buildSettings = {
				BUNDLE_LOADER = "$(TEST_HOST)";
				INFOPLIST_FILE = ArtistsInTableViewTests/Info.plist;
				LD_RUNPATH_SEARCH_PATHS = "$(inherited) @executable_path/Frameworks @loader_path/Frameworks";
				PRODUCT_BUNDLE_IDENTIFIER = edu.sonoma.ArtistsInTableViewTests;
				PRODUCT_NAME = "$(TARGET_NAME)";
				SWIFT_VERSION = 3.0;
				TEST_HOST = "$(BUILT_PRODUCTS_DIR)/ArtistsInTableView.app/ArtistsInTableView";
			};
			name = Release;
		};
		3EBB5A161C93236C00BE6A50 /* Debug */ = {
			isa = XCBuildConfiguration;
			buildSettings = {
				INFOPLIST_FILE = ArtistsInTableViewUITests/Info.plist;
				LD_RUNPATH_SEARCH_PATHS = "$(inherited) @executable_path/Frameworks @loader_path/Frameworks";
				PRODUCT_BUNDLE_IDENTIFIER = edu.sonoma.ArtistsInTableViewUITests;
				PRODUCT_NAME = "$(TARGET_NAME)";
				SWIFT_VERSION = 3.0;
				TEST_TARGET_NAME = ArtistsInTableView;
				USES_XCTRUNNER = YES;
			};
			name = Debug;
		};
		3EBB5A171C93236C00BE6A50 /* Release */ = {
			isa = XCBuildConfiguration;
			buildSettings = {
				INFOPLIST_FILE = ArtistsInTableViewUITests/Info.plist;
				LD_RUNPATH_SEARCH_PATHS = "$(inherited) @executable_path/Frameworks @loader_path/Frameworks";
				PRODUCT_BUNDLE_IDENTIFIER = edu.sonoma.ArtistsInTableViewUITests;
				PRODUCT_NAME = "$(TARGET_NAME)";
				SWIFT_VERSION = 3.0;
				TEST_TARGET_NAME = ArtistsInTableView;
				USES_XCTRUNNER = YES;
			};
			name = Release;
		};
/* End XCBuildConfiguration section */

/* Begin XCConfigurationList section */
		3EBB59E21C93236B00BE6A50 /* Build configuration list for PBXProject "ArtistsInTableView" */ = {
			isa = XCConfigurationList;
			buildConfigurations = (
				3EBB5A0D1C93236C00BE6A50 /* Debug */,
				3EBB5A0E1C93236C00BE6A50 /* Release */,
			);
			defaultConfigurationIsVisible = 0;
			defaultConfigurationName = Release;
		};
		3EBB5A0F1C93236C00BE6A50 /* Build configuration list for PBXNativeTarget "ArtistsInTableView" */ = {
			isa = XCConfigurationList;
			buildConfigurations = (
				3EBB5A101C93236C00BE6A50 /* Debug */,
				3EBB5A111C93236C00BE6A50 /* Release */,
			);
			defaultConfigurationIsVisible = 0;
			defaultConfigurationName = Release;
		};
		3EBB5A121C93236C00BE6A50 /* Build configuration list for PBXNativeTarget "ArtistsInTableViewTests" */ = {
			isa = XCConfigurationList;
			buildConfigurations = (
				3EBB5A131C93236C00BE6A50 /* Debug */,
				3EBB5A141C93236C00BE6A50 /* Release */,
			);
			defaultConfigurationIsVisible = 0;
			defaultConfigurationName = Release;
		};
		3EBB5A151C93236C00BE6A50 /* Build configuration list for PBXNativeTarget "ArtistsInTableViewUITests" */ = {
			isa = XCConfigurationList;
			buildConfigurations = (
				3EBB5A161C93236C00BE6A50 /* Debug */,
				3EBB5A171C93236C00BE6A50 /* Release */,
			);
			defaultConfigurationIsVisible = 0;
			defaultConfigurationName = Release;
		};
/* End XCConfigurationList section */
	};
	rootObject = 3EBB59DF1C93236B00BE6A50 /* Project object */;
}
